
Microsoft Visual Studio Solution File, Format Version 12.00
# Visual Studio 15
VisualStudioVersion = 15.0.28010.2046
MinimumVisualStudioVersion = 10.0.40219.1
Project("{8BC9CEB8-8B4A-11D0-8D11-00A0C91BC942}") = "Renderer", "Renderer\Renderer.vcxproj", "{31ACF965-6485-4672-A419-57F73BC6D81A}"
	ProjectSection(ProjectDependencies) = postProject
		{CC4AFD7F-22DC-456E-8940-DE41C79D6D7E} = {CC4AFD7F-22DC-456E-8940-DE41C79D6D7E}
	EndProjectSection
EndProject
Project("{8BC9CEB8-8B4A-11D0-8D11-00A0C91BC942}") = "NAEEngine", "NAEEngine\NAEEngine.vcxproj", "{D21BF87A-B3B6-46B2-8FBA-CC1150C38A35}"
	ProjectSection(ProjectDependencies) = postProject
		{31ACF965-6485-4672-A419-57F73BC6D81A} = {31ACF965-6485-4672-A419-57F73BC6D81A}
		{CC4AFD7F-22DC-456E-8940-DE41C79D6D7E} = {CC4AFD7F-22DC-456E-8940-DE41C79D6D7E}
		{1C8B51B9-D3B4-4A47-BBE5-120B2A157C70} = {1C8B51B9-D3B4-4A47-BBE5-120B2A157C70}
	EndProjectSection
EndProject
Project("{8BC9CEB8-8B4A-11D0-8D11-00A0C91BC942}") = "Test", "Test\Test.vcxproj", "{AEE6BDF8-6FA7-40DE-AF07-AC1D011DDE03}"
	ProjectSection(ProjectDependencies) = postProject
		{31ACF965-6485-4672-A419-57F73BC6D81A} = {31ACF965-6485-4672-A419-57F73BC6D81A}
		{D21BF87A-B3B6-46B2-8FBA-CC1150C38A35} = {D21BF87A-B3B6-46B2-8FBA-CC1150C38A35}
		{CC4AFD7F-22DC-456E-8940-DE41C79D6D7E} = {CC4AFD7F-22DC-456E-8940-DE41C79D6D7E}
		{1C8B51B9-D3B4-4A47-BBE5-120B2A157C70} = {1C8B51B9-D3B4-4A47-BBE5-120B2A157C70}
	EndProjectSection
EndProject
Project("{8BC9CEB8-8B4A-11D0-8D11-00A0C91BC942}") = "Input", "Input\Input.vcxproj", "{1C8B51B9-D3B4-4A47-BBE5-120B2A157C70}"
	ProjectSection(ProjectDependencies) = postProject
		{CC4AFD7F-22DC-456E-8940-DE41C79D6D7E} = {CC4AFD7F-22DC-456E-8940-DE41C79D6D7E}
	EndProjectSection
EndProject
Project("{8BC9CEB8-8B4A-11D0-8D11-00A0C91BC942}") = "Common", "Common\Common.vcxproj", "{CC4AFD7F-22DC-456E-8940-DE41C79D6D7E}"
EndProject
Global
	GlobalSection(SolutionConfigurationPlatforms) = preSolution
		Debug|x64 = Debug|x64
		Debug|x86 = Debug|x86
		Release|x64 = Release|x64
		Release|x86 = Release|x86
	EndGlobalSection
	GlobalSection(ProjectConfigurationPlatforms) = postSolution
		{31ACF965-6485-4672-A419-57F73BC6D81A}.Debug|x64.ActiveCfg = Debug|x64
		{31ACF965-6485-4672-A419-57F73BC6D81A}.Debug|x64.Build.0 = Debug|x64
		{31ACF965-6485-4672-A419-57F73BC6D81A}.Debug|x86.ActiveCfg = Debug|Win32
		{31ACF965-6485-4672-A419-57F73BC6D81A}.Debug|x86.Build.0 = Debug|Win32
		{31ACF965-6485-4672-A419-57F73BC6D81A}.Release|x64.ActiveCfg = Release|x64
		{31ACF965-6485-4672-A419-57F73BC6D81A}.Release|x64.Build.0 = Release|x64
		{31ACF965-6485-4672-A419-57F73BC6D81A}.Release|x86.ActiveCfg = Release|Win32
		{31ACF965-6485-4672-A419-57F73BC6D81A}.Release|x86.Build.0 = Release|Win32
		{D21BF87A-B3B6-46B2-8FBA-CC1150C38A35}.Debug|x64.ActiveCfg = Debug|x64
		{D21BF87A-B3B6-46B2-8FBA-CC1150C38A35}.Debug|x64.Build.0 = Debug|x64
		{D21BF87A-B3B6-46B2-8FBA-CC1150C38A35}.Debug|x86.ActiveCfg = Debug|Win32
		{D21BF87A-B3B6-46B2-8FBA-CC1150C38A35}.Debug|x86.Build.0 = Debug|Win32
		{D21BF87A-B3B6-46B2-8FBA-CC1150C38A35}.Release|x64.ActiveCfg = Release|x64
		{D21BF87A-B3B6-46B2-8FBA-CC1150C38A35}.Release|x64.Build.0 = Release|x64
		{D21BF87A-B3B6-46B2-8FBA-CC1150C38A35}.Release|x86.ActiveCfg = Release|Win32
		{D21BF87A-B3B6-46B2-8FBA-CC1150C38A35}.Release|x86.Build.0 = Release|Win32
		{AEE6BDF8-6FA7-40DE-AF07-AC1D011DDE03}.Debug|x64.ActiveCfg = Debug|x64
		{AEE6BDF8-6FA7-40DE-AF07-AC1D011DDE03}.Debug|x64.Build.0 = Debug|x64
		{AEE6BDF8-6FA7-40DE-AF07-AC1D011DDE03}.Debug|x86.ActiveCfg = Debug|Win32
		{AEE6BDF8-6FA7-40DE-AF07-AC1D011DDE03}.Debug|x86.Build.0 = Debug|Win32
		{AEE6BDF8-6FA7-40DE-AF07-AC1D011DDE03}.Release|x64.ActiveCfg = Release|x64
		{AEE6BDF8-6FA7-40DE-AF07-AC1D011DDE03}.Release|x64.Build.0 = Release|x64
		{AEE6BDF8-6FA7-40DE-AF07-AC1D011DDE03}.Release|x86.ActiveCfg = Release|Win32
		{AEE6BDF8-6FA7-40DE-AF07-AC1D011DDE03}.Release|x86.Build.0 = Release|Win32
		{1C8B51B9-D3B4-4A47-BBE5-120B2A157C70}.Debug|x64.ActiveCfg = Debug|x64
		{1C8B51B9-D3B4-4A47-BBE5-120B2A157C70}.Debug|x64.Build.0 = Debug|x64
		{1C8B51B9-D3B4-4A47-BBE5-120B2A157C70}.Debug|x86.ActiveCfg = Debug|Win32
		{1C8B51B9-D3B4-4A47-BBE5-120B2A157C70}.Debug|x86.Build.0 = Debug|Win32
		{1C8B51B9-D3B4-4A47-BBE5-120B2A157C70}.Release|x64.ActiveCfg = Release|x64
		{1C8B51B9-D3B4-4A47-BBE5-120B2A157C70}.Release|x64.Build.0 = Release|x64
		{1C8B51B9-D3B4-4A47-BBE5-120B2A157C70}.Release|x86.ActiveCfg = Release|Win32
		{1C8B51B9-D3B4-4A47-BBE5-120B2A157C70}.Release|x86.Build.0 = Release|Win32
		{CC4AFD7F-22DC-456E-8940-DE41C79D6D7E}.Debug|x64.ActiveCfg = Debug|x64
		{CC4AFD7F-22DC-456E-8940-DE41C79D6D7E}.Debug|x64.Build.0 = Debug|x64
		{CC4AFD7F-22DC-456E-8940-DE41C79D6D7E}.Debug|x86.ActiveCfg = Debug|Win32
		{CC4AFD7F-22DC-456E-8940-DE41C79D6D7E}.Debug|x86.Build.0 = Debug|Win32
		{CC4AFD7F-22DC-456E-8940-DE41C79D6D7E}.Release|x64.ActiveCfg = Release|x64
		{CC4AFD7F-22DC-456E-8940-DE41C79D6D7E}.Release|x64.Build.0 = Release|x64
		{CC4AFD7F-22DC-456E-8940-DE41C79D6D7E}.Release|x86.ActiveCfg = Release|Win32
		{CC4AFD7F-22DC-456E-8940-DE41C79D6D7E}.Release|x86.Build.0 = Release|Win32
	EndGlobalSection
	GlobalSection(SolutionProperties) = preSolution
		HideSolutionNode = FALSE
	EndGlobalSection
	GlobalSection(ExtensibilityGlobals) = postSolution
		SolutionGuid = {BF2B079B-FD5A-456D-A49B-95877AB6B279}
	EndGlobalSection
EndGlobal
